
Microsoft Visual Studio Solution File, Format Version 12.00
Project("{2150E333-8FDC-42A3-9474-1A3956D46DE8}") = "src", "src", "{5FD5E0AB-DF8B-44FC-8AA1-3B29E3436D25}"
EndProject
Project("{FAE04EC0-301F-11D3-BF4B-00C04F79EFBC}") = "StreamsDemo.Api", "src\StreamsDemo.Api\StreamsDemo.Api.csproj", "{169FD205-6FF8-467D-A4A3-BDF71873A9EF}"
EndProject
Project("{2150E333-8FDC-42A3-9474-1A3956D46DE8}") = "test", "test", "{6C35A3B8-6DCD-4AE0-A7FB-7200A0857189}"
EndProject
Project("{FAE04EC0-301F-11D3-BF4B-00C04F79EFBC}") = "StreamsDemo.Lambda", "src\StreamsDemo.Lambda\StreamsDemo.Lambda.csproj", "{B718037B-D5D6-4BAE-980C-F01241F05546}"
EndProject
Project("{FAE04EC0-301F-11D3-BF4B-00C04F79EFBC}") = "StreamsDemo.Lambda.Tests", "test\StreamsDemo.Lambda.Tests\StreamsDemo.Lambda.Tests.csproj", "{528C4854-0642-494C-9A62-600D77FFA2C1}"
EndProject
Global
	GlobalSection(SolutionConfigurationPlatforms) = preSolution
		Debug|Any CPU = Debug|Any CPU
		Release|Any CPU = Release|Any CPU
	EndGlobalSection
	GlobalSection(NestedProjects) = preSolution
		{169FD205-6FF8-467D-A4A3-BDF71873A9EF} = {5FD5E0AB-DF8B-44FC-8AA1-3B29E3436D25}
		{B718037B-D5D6-4BAE-980C-F01241F05546} = {5FD5E0AB-DF8B-44FC-8AA1-3B29E3436D25}
		{528C4854-0642-494C-9A62-600D77FFA2C1} = {6C35A3B8-6DCD-4AE0-A7FB-7200A0857189}
	EndGlobalSection
	GlobalSection(ProjectConfigurationPlatforms) = postSolution
		{169FD205-6FF8-467D-A4A3-BDF71873A9EF}.Debug|Any CPU.ActiveCfg = Debug|Any CPU
		{169FD205-6FF8-467D-A4A3-BDF71873A9EF}.Debug|Any CPU.Build.0 = Debug|Any CPU
		{169FD205-6FF8-467D-A4A3-BDF71873A9EF}.Debug|Any CPU.Deploy.0 = Debug|Any CPU
		{B718037B-D5D6-4BAE-980C-F01241F05546}.Debug|Any CPU.ActiveCfg = Debug|Any CPU
		{B718037B-D5D6-4BAE-980C-F01241F05546}.Debug|Any CPU.Build.0 = Debug|Any CPU
		{B718037B-D5D6-4BAE-980C-F01241F05546}.Release|Any CPU.ActiveCfg = Release|Any CPU
		{B718037B-D5D6-4BAE-980C-F01241F05546}.Release|Any CPU.Build.0 = Release|Any CPU
		{528C4854-0642-494C-9A62-600D77FFA2C1}.Debug|Any CPU.ActiveCfg = Debug|Any CPU
		{528C4854-0642-494C-9A62-600D77FFA2C1}.Debug|Any CPU.Build.0 = Debug|Any CPU
		{528C4854-0642-494C-9A62-600D77FFA2C1}.Release|Any CPU.ActiveCfg = Release|Any CPU
		{528C4854-0642-494C-9A62-600D77FFA2C1}.Release|Any CPU.Build.0 = Release|Any CPU
	EndGlobalSection
EndGlobal
